
Microsoft Visual Studio Solution File, Format Version 12.00
# Visual Studio 2012
Project("{FAE04EC0-301F-11D3-BF4B-00C04F79EFBC}") = "BeyondBody", "BeyondBody.csproj", "{DD54611E-37CD-4093-8AB3-43E858B667F2}"
EndProject
Project("{FAE04EC0-301F-11D3-BF4B-00C04F79EFBC}") = "ImageDetection", "ImageDetection\ImageDetection.csproj", "{C912CF78-E2CF-4079-918B-D93B17969923}"
EndProject
Project("{FAE04EC0-301F-11D3-BF4B-00C04F79EFBC}") = "Processing", "Processing\Processing.csproj", "{406C8158-B52F-4B84-9E5F-AE2EAAC05B7D}"
EndProject
Project("{FAE04EC0-301F-11D3-BF4B-00C04F79EFBC}") = "Login", "Login\Login.csproj", "{9ED83AAD-27A8-454D-A786-446F48CED07C}"
EndProject
Project("{FAE04EC0-301F-11D3-BF4B-00C04F79EFBC}") = "WindowsFormsUI", "WindowsFormsUI\WindowsFormsUI.csproj", "{C6A3AAE7-87BE-459A-8E69-BC66EFF45B1C}"
EndProject
Project("{FAE04EC0-301F-11D3-BF4B-00C04F79EFBC}") = "SpeechDetection", "SpeechDetection\SpeechDetection.csproj", "{EE089EED-3BDA-4678-9E6D-073431A0C395}"
EndProject
Project("{FAE04EC0-301F-11D3-BF4B-00C04F79EFBC}") = "MouseSimulation", "MouseSimulation\MouseSimulation.csproj", "{3D316501-529C-4639-AE0F-27C14A6FE779}"
EndProject
Project("{FAE04EC0-301F-11D3-BF4B-00C04F79EFBC}") = "KeyboardSimulation", "KeyboardSimulation\KeyboardSimulation.csproj", "{ADBDF504-AD98-4808-9187-D62C132D9315}"
EndProject
Project("{FAE04EC0-301F-11D3-BF4B-00C04F79EFBC}") = "Domain", "Domain\Domain.csproj", "{200126CC-74E5-44E5-BB88-A78EE2F67FC9}"
EndProject
Project("{2150E333-8FDC-42A3-9474-1A3956D46DE8}") = "Detection", "Detection", "{6417621B-B93A-4C16-AC02-F53F5C29FE50}"
EndProject
Project("{2150E333-8FDC-42A3-9474-1A3956D46DE8}") = "Simulation", "Simulation", "{1EB32393-1DA0-41B1-9946-5BFFE3468A1C}"
EndProject
Project("{2150E333-8FDC-42A3-9474-1A3956D46DE8}") = "Process", "Process", "{384BC291-5A24-437B-AEA6-205E03537927}"
EndProject
Project("{FAE04EC0-301F-11D3-BF4B-00C04F79EFBC}") = "ProcessingInterface", "ProcessingInterface\ProcessingInterface.csproj", "{C21A3772-6B4A-44FF-A720-6C3BDDC52766}"
EndProject
Global
	GlobalSection(SolutionConfigurationPlatforms) = preSolution
		Debug|Any CPU = Debug|Any CPU
		Debug|x86 = Debug|x86
		Release|Any CPU = Release|Any CPU
		Release|x86 = Release|x86
	EndGlobalSection
	GlobalSection(ProjectConfigurationPlatforms) = postSolution
		{DD54611E-37CD-4093-8AB3-43E858B667F2}.Debug|Any CPU.ActiveCfg = Debug|Any CPU
		{DD54611E-37CD-4093-8AB3-43E858B667F2}.Debug|Any CPU.Build.0 = Debug|Any CPU
		{DD54611E-37CD-4093-8AB3-43E858B667F2}.Debug|x86.ActiveCfg = Debug|x86
		{DD54611E-37CD-4093-8AB3-43E858B667F2}.Debug|x86.Build.0 = Debug|x86
		{DD54611E-37CD-4093-8AB3-43E858B667F2}.Release|Any CPU.ActiveCfg = Release|Any CPU
		{DD54611E-37CD-4093-8AB3-43E858B667F2}.Release|Any CPU.Build.0 = Release|Any CPU
		{DD54611E-37CD-4093-8AB3-43E858B667F2}.Release|x86.ActiveCfg = Release|x86
		{DD54611E-37CD-4093-8AB3-43E858B667F2}.Release|x86.Build.0 = Release|x86
		{C912CF78-E2CF-4079-918B-D93B17969923}.Debug|Any CPU.ActiveCfg = Debug|Any CPU
		{C912CF78-E2CF-4079-918B-D93B17969923}.Debug|Any CPU.Build.0 = Debug|Any CPU
		{C912CF78-E2CF-4079-918B-D93B17969923}.Debug|x86.ActiveCfg = Debug|x86
		{C912CF78-E2CF-4079-918B-D93B17969923}.Debug|x86.Build.0 = Debug|x86
		{C912CF78-E2CF-4079-918B-D93B17969923}.Release|Any CPU.ActiveCfg = Release|Any CPU
		{C912CF78-E2CF-4079-918B-D93B17969923}.Release|Any CPU.Build.0 = Release|Any CPU
		{C912CF78-E2CF-4079-918B-D93B17969923}.Release|x86.ActiveCfg = Release|Any CPU
		{406C8158-B52F-4B84-9E5F-AE2EAAC05B7D}.Debug|Any CPU.ActiveCfg = Debug|Any CPU
		{406C8158-B52F-4B84-9E5F-AE2EAAC05B7D}.Debug|Any CPU.Build.0 = Debug|Any CPU
		{406C8158-B52F-4B84-9E5F-AE2EAAC05B7D}.Debug|x86.ActiveCfg = Debug|x86
		{406C8158-B52F-4B84-9E5F-AE2EAAC05B7D}.Debug|x86.Build.0 = Debug|x86
		{406C8158-B52F-4B84-9E5F-AE2EAAC05B7D}.Release|Any CPU.ActiveCfg = Release|Any CPU
		{406C8158-B52F-4B84-9E5F-AE2EAAC05B7D}.Release|Any CPU.Build.0 = Release|Any CPU
		{406C8158-B52F-4B84-9E5F-AE2EAAC05B7D}.Release|x86.ActiveCfg = Release|Any CPU
		{9ED83AAD-27A8-454D-A786-446F48CED07C}.Debug|Any CPU.ActiveCfg = Debug|Any CPU
		{9ED83AAD-27A8-454D-A786-446F48CED07C}.Debug|Any CPU.Build.0 = Debug|Any CPU
		{9ED83AAD-27A8-454D-A786-446F48CED07C}.Debug|x86.ActiveCfg = Debug|x86
		{9ED83AAD-27A8-454D-A786-446F48CED07C}.Debug|x86.Build.0 = Debug|x86
		{9ED83AAD-27A8-454D-A786-446F48CED07C}.Release|Any CPU.ActiveCfg = Release|Any CPU
		{9ED83AAD-27A8-454D-A786-446F48CED07C}.Release|Any CPU.Build.0 = Release|Any CPU
		{9ED83AAD-27A8-454D-A786-446F48CED07C}.Release|x86.ActiveCfg = Release|Any CPU
		{C6A3AAE7-87BE-459A-8E69-BC66EFF45B1C}.Debug|Any CPU.ActiveCfg = Debug|Any CPU
		{C6A3AAE7-87BE-459A-8E69-BC66EFF45B1C}.Debug|Any CPU.Build.0 = Debug|Any CPU
		{C6A3AAE7-87BE-459A-8E69-BC66EFF45B1C}.Debug|x86.ActiveCfg = Debug|x86
		{C6A3AAE7-87BE-459A-8E69-BC66EFF45B1C}.Debug|x86.Build.0 = Debug|x86
		{C6A3AAE7-87BE-459A-8E69-BC66EFF45B1C}.Release|Any CPU.ActiveCfg = Release|Any CPU
		{C6A3AAE7-87BE-459A-8E69-BC66EFF45B1C}.Release|Any CPU.Build.0 = Release|Any CPU
		{C6A3AAE7-87BE-459A-8E69-BC66EFF45B1C}.Release|x86.ActiveCfg = Release|Any CPU
		{EE089EED-3BDA-4678-9E6D-073431A0C395}.Debug|Any CPU.ActiveCfg = Debug|Any CPU
		{EE089EED-3BDA-4678-9E6D-073431A0C395}.Debug|Any CPU.Build.0 = Debug|Any CPU
		{EE089EED-3BDA-4678-9E6D-073431A0C395}.Debug|x86.ActiveCfg = Debug|x86
		{EE089EED-3BDA-4678-9E6D-073431A0C395}.Debug|x86.Build.0 = Debug|x86
		{EE089EED-3BDA-4678-9E6D-073431A0C395}.Release|Any CPU.ActiveCfg = Release|Any CPU
		{EE089EED-3BDA-4678-9E6D-073431A0C395}.Release|Any CPU.Build.0 = Release|Any CPU
		{EE089EED-3BDA-4678-9E6D-073431A0C395}.Release|x86.ActiveCfg = Release|Any CPU
		{3D316501-529C-4639-AE0F-27C14A6FE779}.Debug|Any CPU.ActiveCfg = Debug|Any CPU
		{3D316501-529C-4639-AE0F-27C14A6FE779}.Debug|Any CPU.Build.0 = Debug|Any CPU
		{3D316501-529C-4639-AE0F-27C14A6FE779}.Debug|x86.ActiveCfg = Debug|x86
		{3D316501-529C-4639-AE0F-27C14A6FE779}.Debug|x86.Build.0 = Debug|x86
		{3D316501-529C-4639-AE0F-27C14A6FE779}.Release|Any CPU.ActiveCfg = Release|Any CPU
		{3D316501-529C-4639-AE0F-27C14A6FE779}.Release|Any CPU.Build.0 = Release|Any CPU
		{3D316501-529C-4639-AE0F-27C14A6FE779}.Release|x86.ActiveCfg = Release|Any CPU
		{ADBDF504-AD98-4808-9187-D62C132D9315}.Debug|Any CPU.ActiveCfg = Debug|Any CPU
		{ADBDF504-AD98-4808-9187-D62C132D9315}.Debug|Any CPU.Build.0 = Debug|Any CPU
		{ADBDF504-AD98-4808-9187-D62C132D9315}.Debug|x86.ActiveCfg = Debug|x86
		{ADBDF504-AD98-4808-9187-D62C132D9315}.Debug|x86.Build.0 = Debug|x86
		{ADBDF504-AD98-4808-9187-D62C132D9315}.Release|Any CPU.ActiveCfg = Release|Any CPU
		{ADBDF504-AD98-4808-9187-D62C132D9315}.Release|Any CPU.Build.0 = Release|Any CPU
		{ADBDF504-AD98-4808-9187-D62C132D9315}.Release|x86.ActiveCfg = Release|Any CPU
		{200126CC-74E5-44E5-BB88-A78EE2F67FC9}.Debug|Any CPU.ActiveCfg = Debug|Any CPU
		{200126CC-74E5-44E5-BB88-A78EE2F67FC9}.Debug|Any CPU.Build.0 = Debug|Any CPU
		{200126CC-74E5-44E5-BB88-A78EE2F67FC9}.Debug|x86.ActiveCfg = Debug|x86
		{200126CC-74E5-44E5-BB88-A78EE2F67FC9}.Debug|x86.Build.0 = Debug|x86
		{200126CC-74E5-44E5-BB88-A78EE2F67FC9}.Release|Any CPU.ActiveCfg = Release|Any CPU
		{200126CC-74E5-44E5-BB88-A78EE2F67FC9}.Release|Any CPU.Build.0 = Release|Any CPU
		{200126CC-74E5-44E5-BB88-A78EE2F67FC9}.Release|x86.ActiveCfg = Release|Any CPU
		{C21A3772-6B4A-44FF-A720-6C3BDDC52766}.Debug|Any CPU.ActiveCfg = Debug|Any CPU
		{C21A3772-6B4A-44FF-A720-6C3BDDC52766}.Debug|Any CPU.Build.0 = Debug|Any CPU
		{C21A3772-6B4A-44FF-A720-6C3BDDC52766}.Debug|x86.ActiveCfg = Debug|x86
		{C21A3772-6B4A-44FF-A720-6C3BDDC52766}.Debug|x86.Build.0 = Debug|x86
		{C21A3772-6B4A-44FF-A720-6C3BDDC52766}.Release|Any CPU.ActiveCfg = Release|Any CPU
		{C21A3772-6B4A-44FF-A720-6C3BDDC52766}.Release|Any CPU.Build.0 = Release|Any CPU
		{C21A3772-6B4A-44FF-A720-6C3BDDC52766}.Release|x86.ActiveCfg = Release|Any CPU
	EndGlobalSection
	GlobalSection(SolutionProperties) = preSolution
		HideSolutionNode = FALSE
	EndGlobalSection
	GlobalSection(NestedProjects) = preSolution
		{EE089EED-3BDA-4678-9E6D-073431A0C395} = {6417621B-B93A-4C16-AC02-F53F5C29FE50}
		{C912CF78-E2CF-4079-918B-D93B17969923} = {6417621B-B93A-4C16-AC02-F53F5C29FE50}
		{406C8158-B52F-4B84-9E5F-AE2EAAC05B7D} = {384BC291-5A24-437B-AEA6-205E03537927}
		{C21A3772-6B4A-44FF-A720-6C3BDDC52766} = {384BC291-5A24-437B-AEA6-205E03537927}
		{ADBDF504-AD98-4808-9187-D62C132D9315} = {1EB32393-1DA0-41B1-9946-5BFFE3468A1C}
		{3D316501-529C-4639-AE0F-27C14A6FE779} = {1EB32393-1DA0-41B1-9946-5BFFE3468A1C}
	EndGlobalSection
EndGlobal
